
Microsoft Visual Studio Solution File, Format Version 12.00
# Visual Studio 15
VisualStudioVersion = 15.0.28307.902
MinimumVisualStudioVersion = 10.0.40219.1
Project("{8BC9CEB8-8B4A-11D0-8D11-00A0C91BC942}") = "02_11_2019", "02_11_2019\02_11_2019.vcxproj", "{4634F57B-5F10-4AAB-A840-C5A099520A9D}"
EndProject
Project("{8BC9CEB8-8B4A-11D0-8D11-00A0C91BC942}") = "03_11_2019", "03_11_2019\03_11_2019.vcxproj", "{7FC99384-68E3-4B25-BA9E-39D437C65C6D}"
EndProject
Project("{8BC9CEB8-8B4A-11D0-8D11-00A0C91BC942}") = "04_11_2019", "04_11_2019\04_11_2019.vcxproj", "{AE10F33D-633D-4633-9DDE-0050A2ACE30E}"
EndProject
Global
	GlobalSection(SolutionConfigurationPlatforms) = preSolution
		Debug|x64 = Debug|x64
		Debug|x86 = Debug|x86
		Release|x64 = Release|x64
		Release|x86 = Release|x86
	EndGlobalSection
	GlobalSection(ProjectConfigurationPlatforms) = postSolution
		{4634F57B-5F10-4AAB-A840-C5A099520A9D}.Debug|x64.ActiveCfg = Debug|x64
		{4634F57B-5F10-4AAB-A840-C5A099520A9D}.Debug|x64.Build.0 = Debug|x64
		{4634F57B-5F10-4AAB-A840-C5A099520A9D}.Debug|x86.ActiveCfg = Debug|Win32
		{4634F57B-5F10-4AAB-A840-C5A099520A9D}.Debug|x86.Build.0 = Debug|Win32
		{4634F57B-5F10-4AAB-A840-C5A099520A9D}.Release|x64.ActiveCfg = Release|x64
		{4634F57B-5F10-4AAB-A840-C5A099520A9D}.Release|x64.Build.0 = Release|x64
		{4634F57B-5F10-4AAB-A840-C5A099520A9D}.Release|x86.ActiveCfg = Release|Win32
		{4634F57B-5F10-4AAB-A840-C5A099520A9D}.Release|x86.Build.0 = Release|Win32
		{7FC99384-68E3-4B25-BA9E-39D437C65C6D}.Debug|x64.ActiveCfg = Debug|x64
		{7FC99384-68E3-4B25-BA9E-39D437C65C6D}.Debug|x64.Build.0 = Debug|x64
		{7FC99384-68E3-4B25-BA9E-39D437C65C6D}.Debug|x86.ActiveCfg = Debug|Win32
		{7FC99384-68E3-4B25-BA9E-39D437C65C6D}.Debug|x86.Build.0 = Debug|Win32
		{7FC99384-68E3-4B25-BA9E-39D437C65C6D}.Release|x64.ActiveCfg = Release|x64
		{7FC99384-68E3-4B25-BA9E-39D437C65C6D}.Release|x64.Build.0 = Release|x64
		{7FC99384-68E3-4B25-BA9E-39D437C65C6D}.Release|x86.ActiveCfg = Release|Win32
		{7FC99384-68E3-4B25-BA9E-39D437C65C6D}.Release|x86.Build.0 = Release|Win32
		{AE10F33D-633D-4633-9DDE-0050A2ACE30E}.Debug|x64.ActiveCfg = Debug|x64
		{AE10F33D-633D-4633-9DDE-0050A2ACE30E}.Debug|x64.Build.0 = Debug|x64
		{AE10F33D-633D-4633-9DDE-0050A2ACE30E}.Debug|x86.ActiveCfg = Debug|Win32
		{AE10F33D-633D-4633-9DDE-0050A2ACE30E}.Debug|x86.Build.0 = Debug|Win32
		{AE10F33D-633D-4633-9DDE-0050A2ACE30E}.Release|x64.ActiveCfg = Release|x64
		{AE10F33D-633D-4633-9DDE-0050A2ACE30E}.Release|x64.Build.0 = Release|x64
		{AE10F33D-633D-4633-9DDE-0050A2ACE30E}.Release|x86.ActiveCfg = Release|Win32
		{AE10F33D-633D-4633-9DDE-0050A2ACE30E}.Release|x86.Build.0 = Release|Win32
	EndGlobalSection
	GlobalSection(SolutionProperties) = preSolution
		HideSolutionNode = FALSE
	EndGlobalSection
	GlobalSection(ExtensibilityGlobals) = postSolution
		SolutionGuid = {A6238938-F44F-401F-8C97-889C98A47EC9}
	EndGlobalSection
EndGlobal
