
Microsoft Visual Studio Solution File, Format Version 12.00
# Visual Studio 15
VisualStudioVersion = 15.0.28307.902
MinimumVisualStudioVersion = 10.0.40219.1
Project("{8BC9CEB8-8B4A-11D0-8D11-00A0C91BC942}") = "02_11_2019", "02_11_2019\02_11_2019.vcxproj", "{4634F57B-5F10-4AAB-A840-C5A099520A9D}"
EndProject
Project("{8BC9CEB8-8B4A-11D0-8D11-00A0C91BC942}") = "03_11_2019", "03_11_2019\03_11_2019.vcxproj", "{7FC99384-68E3-4B25-BA9E-39D437C65C6D}"
EndProject
Project("{8BC9CEB8-8B4A-11D0-8D11-00A0C91BC942}") = "04_11_2019", "04_11_2019\04_11_2019.vcxproj", "{AE10F33D-633D-4633-9DDE-0050A2ACE30E}"
EndProject
Project("{8BC9CEB8-8B4A-11D0-8D11-00A0C91BC942}") = "05_11_2019", "05_11_2019\05_11_2019.vcxproj", "{382B43BA-FF0B-4739-89C1-EA795B9CB3E0}"
EndProject
Project("{888888A0-9F3D-457C-B088-3A5042F75D52}") = "06_11_2019", "06_11_2019\06_11_2019.pyproj", "{885D49A1-52E7-4050-8A07-4742F68E4F7F}"
EndProject
Project("{8BC9CEB8-8B4A-11D0-8D11-00A0C91BC942}") = "07_11_2019", "07_11_2019\07_11_2019.vcxproj", "{B1BA70FD-5825-4816-AC62-9CDFF38F850F}"
EndProject
Project("{8BC9CEB8-8B4A-11D0-8D11-00A0C91BC942}") = "08_11_2019", "08_11_2019\08_11_2019.vcxproj", "{1736EFB8-4223-4299-A1B5-6F46A32EEDEC}"
EndProject
Project("{8BC9CEB8-8B4A-11D0-8D11-00A0C91BC942}") = "09_11_2019", "09_11_2019\09_11_2019.vcxproj", "{5B90AD50-058C-4B5D-96D6-E5764D8760D0}"
EndProject
Project("{8BC9CEB8-8B4A-11D0-8D11-00A0C91BC942}") = "10_11_2019", "10_11_2019\10_11_2019.vcxproj", "{4E2C0353-F990-46C9-A0EB-33E670A9CEDD}"
EndProject
Project("{8BC9CEB8-8B4A-11D0-8D11-00A0C91BC942}") = "11_11_2019", "11_11_2019\11_11_2019.vcxproj", "{13FFC078-1FE2-4032-BCA3-BCD09C53C818}"
EndProject
Project("{8BC9CEB8-8B4A-11D0-8D11-00A0C91BC942}") = "12_11_2019", "12_11_2019\12_11_2019.vcxproj", "{33B4FEFE-C733-44D2-97FA-4F84D78CB340}"
EndProject
Project("{8BC9CEB8-8B4A-11D0-8D11-00A0C91BC942}") = "13_11_2019", "13_11_2019\13_11_2019.vcxproj", "{96FADE61-AF03-4CC5-BB8F-F02042175C71}"
EndProject
Project("{8BC9CEB8-8B4A-11D0-8D11-00A0C91BC942}") = "14_11_2019", "14_11_2019\14_11_2019.vcxproj", "{E0031BA1-8330-402E-BE45-774E4BC8ECDB}"
EndProject
Project("{8BC9CEB8-8B4A-11D0-8D11-00A0C91BC942}") = "15_11_2019", "15_11_2019\15_11_2019.vcxproj", "{1876FE3F-9139-45F8-8904-D3A6E224A8D6}"
EndProject
Project("{8BC9CEB8-8B4A-11D0-8D11-00A0C91BC942}") = "16_11_2019", "16_11_2019\16_11_2019.vcxproj", "{52393A5A-3764-4577-8F63-A00DB3124DB0}"
EndProject
Project("{8BC9CEB8-8B4A-11D0-8D11-00A0C91BC942}") = "17_11_2019", "17_11_2019\17_11_2019.vcxproj", "{50A18DFC-8E16-429A-9AD0-36D10F77DECF}"
EndProject
Project("{8BC9CEB8-8B4A-11D0-8D11-00A0C91BC942}") = "18_11_2019", "18_11_2019\18_11_2019.vcxproj", "{8FB6026E-2EA0-4D5D-A45F-4984E1960818}"
EndProject
Global
	GlobalSection(SolutionConfigurationPlatforms) = preSolution
		Debug|Any CPU = Debug|Any CPU
		Debug|x64 = Debug|x64
		Debug|x86 = Debug|x86
		Release|Any CPU = Release|Any CPU
		Release|x64 = Release|x64
		Release|x86 = Release|x86
	EndGlobalSection
	GlobalSection(ProjectConfigurationPlatforms) = postSolution
		{4634F57B-5F10-4AAB-A840-C5A099520A9D}.Debug|Any CPU.ActiveCfg = Debug|Win32
		{4634F57B-5F10-4AAB-A840-C5A099520A9D}.Debug|x64.ActiveCfg = Debug|x64
		{4634F57B-5F10-4AAB-A840-C5A099520A9D}.Debug|x64.Build.0 = Debug|x64
		{4634F57B-5F10-4AAB-A840-C5A099520A9D}.Debug|x86.ActiveCfg = Debug|Win32
		{4634F57B-5F10-4AAB-A840-C5A099520A9D}.Debug|x86.Build.0 = Debug|Win32
		{4634F57B-5F10-4AAB-A840-C5A099520A9D}.Release|Any CPU.ActiveCfg = Release|Win32
		{4634F57B-5F10-4AAB-A840-C5A099520A9D}.Release|x64.ActiveCfg = Release|x64
		{4634F57B-5F10-4AAB-A840-C5A099520A9D}.Release|x64.Build.0 = Release|x64
		{4634F57B-5F10-4AAB-A840-C5A099520A9D}.Release|x86.ActiveCfg = Release|Win32
		{4634F57B-5F10-4AAB-A840-C5A099520A9D}.Release|x86.Build.0 = Release|Win32
		{7FC99384-68E3-4B25-BA9E-39D437C65C6D}.Debug|Any CPU.ActiveCfg = Debug|Win32
		{7FC99384-68E3-4B25-BA9E-39D437C65C6D}.Debug|x64.ActiveCfg = Debug|x64
		{7FC99384-68E3-4B25-BA9E-39D437C65C6D}.Debug|x64.Build.0 = Debug|x64
		{7FC99384-68E3-4B25-BA9E-39D437C65C6D}.Debug|x86.ActiveCfg = Debug|Win32
		{7FC99384-68E3-4B25-BA9E-39D437C65C6D}.Debug|x86.Build.0 = Debug|Win32
		{7FC99384-68E3-4B25-BA9E-39D437C65C6D}.Release|Any CPU.ActiveCfg = Release|Win32
		{7FC99384-68E3-4B25-BA9E-39D437C65C6D}.Release|x64.ActiveCfg = Release|x64
		{7FC99384-68E3-4B25-BA9E-39D437C65C6D}.Release|x64.Build.0 = Release|x64
		{7FC99384-68E3-4B25-BA9E-39D437C65C6D}.Release|x86.ActiveCfg = Release|Win32
		{7FC99384-68E3-4B25-BA9E-39D437C65C6D}.Release|x86.Build.0 = Release|Win32
		{AE10F33D-633D-4633-9DDE-0050A2ACE30E}.Debug|Any CPU.ActiveCfg = Debug|Win32
		{AE10F33D-633D-4633-9DDE-0050A2ACE30E}.Debug|x64.ActiveCfg = Debug|x64
		{AE10F33D-633D-4633-9DDE-0050A2ACE30E}.Debug|x64.Build.0 = Debug|x64
		{AE10F33D-633D-4633-9DDE-0050A2ACE30E}.Debug|x86.ActiveCfg = Debug|Win32
		{AE10F33D-633D-4633-9DDE-0050A2ACE30E}.Debug|x86.Build.0 = Debug|Win32
		{AE10F33D-633D-4633-9DDE-0050A2ACE30E}.Release|Any CPU.ActiveCfg = Release|Win32
		{AE10F33D-633D-4633-9DDE-0050A2ACE30E}.Release|x64.ActiveCfg = Release|x64
		{AE10F33D-633D-4633-9DDE-0050A2ACE30E}.Release|x64.Build.0 = Release|x64
		{AE10F33D-633D-4633-9DDE-0050A2ACE30E}.Release|x86.ActiveCfg = Release|Win32
		{AE10F33D-633D-4633-9DDE-0050A2ACE30E}.Release|x86.Build.0 = Release|Win32
		{382B43BA-FF0B-4739-89C1-EA795B9CB3E0}.Debug|Any CPU.ActiveCfg = Debug|Win32
		{382B43BA-FF0B-4739-89C1-EA795B9CB3E0}.Debug|x64.ActiveCfg = Debug|x64
		{382B43BA-FF0B-4739-89C1-EA795B9CB3E0}.Debug|x64.Build.0 = Debug|x64
		{382B43BA-FF0B-4739-89C1-EA795B9CB3E0}.Debug|x86.ActiveCfg = Debug|Win32
		{382B43BA-FF0B-4739-89C1-EA795B9CB3E0}.Debug|x86.Build.0 = Debug|Win32
		{382B43BA-FF0B-4739-89C1-EA795B9CB3E0}.Release|Any CPU.ActiveCfg = Release|Win32
		{382B43BA-FF0B-4739-89C1-EA795B9CB3E0}.Release|x64.ActiveCfg = Release|x64
		{382B43BA-FF0B-4739-89C1-EA795B9CB3E0}.Release|x64.Build.0 = Release|x64
		{382B43BA-FF0B-4739-89C1-EA795B9CB3E0}.Release|x86.ActiveCfg = Release|Win32
		{382B43BA-FF0B-4739-89C1-EA795B9CB3E0}.Release|x86.Build.0 = Release|Win32
		{885D49A1-52E7-4050-8A07-4742F68E4F7F}.Debug|Any CPU.ActiveCfg = Debug|Any CPU
		{885D49A1-52E7-4050-8A07-4742F68E4F7F}.Debug|x64.ActiveCfg = Debug|Any CPU
		{885D49A1-52E7-4050-8A07-4742F68E4F7F}.Debug|x86.ActiveCfg = Debug|Any CPU
		{885D49A1-52E7-4050-8A07-4742F68E4F7F}.Release|Any CPU.ActiveCfg = Release|Any CPU
		{885D49A1-52E7-4050-8A07-4742F68E4F7F}.Release|x64.ActiveCfg = Release|Any CPU
		{885D49A1-52E7-4050-8A07-4742F68E4F7F}.Release|x86.ActiveCfg = Release|Any CPU
		{B1BA70FD-5825-4816-AC62-9CDFF38F850F}.Debug|Any CPU.ActiveCfg = Debug|Win32
		{B1BA70FD-5825-4816-AC62-9CDFF38F850F}.Debug|x64.ActiveCfg = Debug|x64
		{B1BA70FD-5825-4816-AC62-9CDFF38F850F}.Debug|x64.Build.0 = Debug|x64
		{B1BA70FD-5825-4816-AC62-9CDFF38F850F}.Debug|x86.ActiveCfg = Debug|Win32
		{B1BA70FD-5825-4816-AC62-9CDFF38F850F}.Debug|x86.Build.0 = Debug|Win32
		{B1BA70FD-5825-4816-AC62-9CDFF38F850F}.Release|Any CPU.ActiveCfg = Release|Win32
		{B1BA70FD-5825-4816-AC62-9CDFF38F850F}.Release|x64.ActiveCfg = Release|x64
		{B1BA70FD-5825-4816-AC62-9CDFF38F850F}.Release|x64.Build.0 = Release|x64
		{B1BA70FD-5825-4816-AC62-9CDFF38F850F}.Release|x86.ActiveCfg = Release|Win32
		{B1BA70FD-5825-4816-AC62-9CDFF38F850F}.Release|x86.Build.0 = Release|Win32
		{1736EFB8-4223-4299-A1B5-6F46A32EEDEC}.Debug|Any CPU.ActiveCfg = Debug|Win32
		{1736EFB8-4223-4299-A1B5-6F46A32EEDEC}.Debug|x64.ActiveCfg = Debug|x64
		{1736EFB8-4223-4299-A1B5-6F46A32EEDEC}.Debug|x64.Build.0 = Debug|x64
		{1736EFB8-4223-4299-A1B5-6F46A32EEDEC}.Debug|x86.ActiveCfg = Debug|Win32
		{1736EFB8-4223-4299-A1B5-6F46A32EEDEC}.Debug|x86.Build.0 = Debug|Win32
		{1736EFB8-4223-4299-A1B5-6F46A32EEDEC}.Release|Any CPU.ActiveCfg = Release|Win32
		{1736EFB8-4223-4299-A1B5-6F46A32EEDEC}.Release|x64.ActiveCfg = Release|x64
		{1736EFB8-4223-4299-A1B5-6F46A32EEDEC}.Release|x64.Build.0 = Release|x64
		{1736EFB8-4223-4299-A1B5-6F46A32EEDEC}.Release|x86.ActiveCfg = Release|Win32
		{1736EFB8-4223-4299-A1B5-6F46A32EEDEC}.Release|x86.Build.0 = Release|Win32
		{5B90AD50-058C-4B5D-96D6-E5764D8760D0}.Debug|Any CPU.ActiveCfg = Debug|Win32
		{5B90AD50-058C-4B5D-96D6-E5764D8760D0}.Debug|x64.ActiveCfg = Debug|x64
		{5B90AD50-058C-4B5D-96D6-E5764D8760D0}.Debug|x64.Build.0 = Debug|x64
		{5B90AD50-058C-4B5D-96D6-E5764D8760D0}.Debug|x86.ActiveCfg = Debug|Win32
		{5B90AD50-058C-4B5D-96D6-E5764D8760D0}.Debug|x86.Build.0 = Debug|Win32
		{5B90AD50-058C-4B5D-96D6-E5764D8760D0}.Release|Any CPU.ActiveCfg = Release|Win32
		{5B90AD50-058C-4B5D-96D6-E5764D8760D0}.Release|x64.ActiveCfg = Release|x64
		{5B90AD50-058C-4B5D-96D6-E5764D8760D0}.Release|x64.Build.0 = Release|x64
		{5B90AD50-058C-4B5D-96D6-E5764D8760D0}.Release|x86.ActiveCfg = Release|Win32
		{5B90AD50-058C-4B5D-96D6-E5764D8760D0}.Release|x86.Build.0 = Release|Win32
		{4E2C0353-F990-46C9-A0EB-33E670A9CEDD}.Debug|Any CPU.ActiveCfg = Debug|Win32
		{4E2C0353-F990-46C9-A0EB-33E670A9CEDD}.Debug|x64.ActiveCfg = Debug|x64
		{4E2C0353-F990-46C9-A0EB-33E670A9CEDD}.Debug|x64.Build.0 = Debug|x64
		{4E2C0353-F990-46C9-A0EB-33E670A9CEDD}.Debug|x86.ActiveCfg = Debug|Win32
		{4E2C0353-F990-46C9-A0EB-33E670A9CEDD}.Debug|x86.Build.0 = Debug|Win32
		{4E2C0353-F990-46C9-A0EB-33E670A9CEDD}.Release|Any CPU.ActiveCfg = Release|Win32
		{4E2C0353-F990-46C9-A0EB-33E670A9CEDD}.Release|x64.ActiveCfg = Release|x64
		{4E2C0353-F990-46C9-A0EB-33E670A9CEDD}.Release|x64.Build.0 = Release|x64
		{4E2C0353-F990-46C9-A0EB-33E670A9CEDD}.Release|x86.ActiveCfg = Release|Win32
		{4E2C0353-F990-46C9-A0EB-33E670A9CEDD}.Release|x86.Build.0 = Release|Win32
		{13FFC078-1FE2-4032-BCA3-BCD09C53C818}.Debug|Any CPU.ActiveCfg = Debug|Win32
		{13FFC078-1FE2-4032-BCA3-BCD09C53C818}.Debug|x64.ActiveCfg = Debug|x64
		{13FFC078-1FE2-4032-BCA3-BCD09C53C818}.Debug|x64.Build.0 = Debug|x64
		{13FFC078-1FE2-4032-BCA3-BCD09C53C818}.Debug|x86.ActiveCfg = Debug|Win32
		{13FFC078-1FE2-4032-BCA3-BCD09C53C818}.Debug|x86.Build.0 = Debug|Win32
		{13FFC078-1FE2-4032-BCA3-BCD09C53C818}.Release|Any CPU.ActiveCfg = Release|Win32
		{13FFC078-1FE2-4032-BCA3-BCD09C53C818}.Release|x64.ActiveCfg = Release|x64
		{13FFC078-1FE2-4032-BCA3-BCD09C53C818}.Release|x64.Build.0 = Release|x64
		{13FFC078-1FE2-4032-BCA3-BCD09C53C818}.Release|x86.ActiveCfg = Release|Win32
		{13FFC078-1FE2-4032-BCA3-BCD09C53C818}.Release|x86.Build.0 = Release|Win32
		{33B4FEFE-C733-44D2-97FA-4F84D78CB340}.Debug|Any CPU.ActiveCfg = Debug|Win32
		{33B4FEFE-C733-44D2-97FA-4F84D78CB340}.Debug|x64.ActiveCfg = Debug|x64
		{33B4FEFE-C733-44D2-97FA-4F84D78CB340}.Debug|x64.Build.0 = Debug|x64
		{33B4FEFE-C733-44D2-97FA-4F84D78CB340}.Debug|x86.ActiveCfg = Debug|Win32
		{33B4FEFE-C733-44D2-97FA-4F84D78CB340}.Debug|x86.Build.0 = Debug|Win32
		{33B4FEFE-C733-44D2-97FA-4F84D78CB340}.Release|Any CPU.ActiveCfg = Release|Win32
		{33B4FEFE-C733-44D2-97FA-4F84D78CB340}.Release|x64.ActiveCfg = Release|x64
		{33B4FEFE-C733-44D2-97FA-4F84D78CB340}.Release|x64.Build.0 = Release|x64
		{33B4FEFE-C733-44D2-97FA-4F84D78CB340}.Release|x86.ActiveCfg = Release|Win32
		{33B4FEFE-C733-44D2-97FA-4F84D78CB340}.Release|x86.Build.0 = Release|Win32
		{96FADE61-AF03-4CC5-BB8F-F02042175C71}.Debug|Any CPU.ActiveCfg = Debug|Win32
		{96FADE61-AF03-4CC5-BB8F-F02042175C71}.Debug|x64.ActiveCfg = Debug|x64
		{96FADE61-AF03-4CC5-BB8F-F02042175C71}.Debug|x64.Build.0 = Debug|x64
		{96FADE61-AF03-4CC5-BB8F-F02042175C71}.Debug|x86.ActiveCfg = Debug|Win32
		{96FADE61-AF03-4CC5-BB8F-F02042175C71}.Debug|x86.Build.0 = Debug|Win32
		{96FADE61-AF03-4CC5-BB8F-F02042175C71}.Release|Any CPU.ActiveCfg = Release|Win32
		{96FADE61-AF03-4CC5-BB8F-F02042175C71}.Release|x64.ActiveCfg = Release|x64
		{96FADE61-AF03-4CC5-BB8F-F02042175C71}.Release|x64.Build.0 = Release|x64
		{96FADE61-AF03-4CC5-BB8F-F02042175C71}.Release|x86.ActiveCfg = Release|Win32
		{96FADE61-AF03-4CC5-BB8F-F02042175C71}.Release|x86.Build.0 = Release|Win32
		{E0031BA1-8330-402E-BE45-774E4BC8ECDB}.Debug|Any CPU.ActiveCfg = Debug|Win32
		{E0031BA1-8330-402E-BE45-774E4BC8ECDB}.Debug|x64.ActiveCfg = Debug|x64
		{E0031BA1-8330-402E-BE45-774E4BC8ECDB}.Debug|x64.Build.0 = Debug|x64
		{E0031BA1-8330-402E-BE45-774E4BC8ECDB}.Debug|x86.ActiveCfg = Debug|Win32
		{E0031BA1-8330-402E-BE45-774E4BC8ECDB}.Debug|x86.Build.0 = Debug|Win32
		{E0031BA1-8330-402E-BE45-774E4BC8ECDB}.Release|Any CPU.ActiveCfg = Release|Win32
		{E0031BA1-8330-402E-BE45-774E4BC8ECDB}.Release|x64.ActiveCfg = Release|x64
		{E0031BA1-8330-402E-BE45-774E4BC8ECDB}.Release|x64.Build.0 = Release|x64
		{E0031BA1-8330-402E-BE45-774E4BC8ECDB}.Release|x86.ActiveCfg = Release|Win32
		{E0031BA1-8330-402E-BE45-774E4BC8ECDB}.Release|x86.Build.0 = Release|Win32
		{1876FE3F-9139-45F8-8904-D3A6E224A8D6}.Debug|Any CPU.ActiveCfg = Debug|Win32
		{1876FE3F-9139-45F8-8904-D3A6E224A8D6}.Debug|x64.ActiveCfg = Debug|x64
		{1876FE3F-9139-45F8-8904-D3A6E224A8D6}.Debug|x64.Build.0 = Debug|x64
		{1876FE3F-9139-45F8-8904-D3A6E224A8D6}.Debug|x86.ActiveCfg = Debug|Win32
		{1876FE3F-9139-45F8-8904-D3A6E224A8D6}.Debug|x86.Build.0 = Debug|Win32
		{1876FE3F-9139-45F8-8904-D3A6E224A8D6}.Release|Any CPU.ActiveCfg = Release|Win32
		{1876FE3F-9139-45F8-8904-D3A6E224A8D6}.Release|x64.ActiveCfg = Release|x64
		{1876FE3F-9139-45F8-8904-D3A6E224A8D6}.Release|x64.Build.0 = Release|x64
		{1876FE3F-9139-45F8-8904-D3A6E224A8D6}.Release|x86.ActiveCfg = Release|Win32
		{1876FE3F-9139-45F8-8904-D3A6E224A8D6}.Release|x86.Build.0 = Release|Win32
		{52393A5A-3764-4577-8F63-A00DB3124DB0}.Debug|Any CPU.ActiveCfg = Debug|Win32
		{52393A5A-3764-4577-8F63-A00DB3124DB0}.Debug|x64.ActiveCfg = Debug|x64
		{52393A5A-3764-4577-8F63-A00DB3124DB0}.Debug|x64.Build.0 = Debug|x64
		{52393A5A-3764-4577-8F63-A00DB3124DB0}.Debug|x86.ActiveCfg = Debug|Win32
		{52393A5A-3764-4577-8F63-A00DB3124DB0}.Debug|x86.Build.0 = Debug|Win32
		{52393A5A-3764-4577-8F63-A00DB3124DB0}.Release|Any CPU.ActiveCfg = Release|Win32
		{52393A5A-3764-4577-8F63-A00DB3124DB0}.Release|x64.ActiveCfg = Release|x64
		{52393A5A-3764-4577-8F63-A00DB3124DB0}.Release|x64.Build.0 = Release|x64
		{52393A5A-3764-4577-8F63-A00DB3124DB0}.Release|x86.ActiveCfg = Release|Win32
		{52393A5A-3764-4577-8F63-A00DB3124DB0}.Release|x86.Build.0 = Release|Win32
		{50A18DFC-8E16-429A-9AD0-36D10F77DECF}.Debug|Any CPU.ActiveCfg = Debug|Win32
		{50A18DFC-8E16-429A-9AD0-36D10F77DECF}.Debug|x64.ActiveCfg = Debug|x64
		{50A18DFC-8E16-429A-9AD0-36D10F77DECF}.Debug|x64.Build.0 = Debug|x64
		{50A18DFC-8E16-429A-9AD0-36D10F77DECF}.Debug|x86.ActiveCfg = Debug|Win32
		{50A18DFC-8E16-429A-9AD0-36D10F77DECF}.Debug|x86.Build.0 = Debug|Win32
		{50A18DFC-8E16-429A-9AD0-36D10F77DECF}.Release|Any CPU.ActiveCfg = Release|Win32
		{50A18DFC-8E16-429A-9AD0-36D10F77DECF}.Release|x64.ActiveCfg = Release|x64
		{50A18DFC-8E16-429A-9AD0-36D10F77DECF}.Release|x64.Build.0 = Release|x64
		{50A18DFC-8E16-429A-9AD0-36D10F77DECF}.Release|x86.ActiveCfg = Release|Win32
		{50A18DFC-8E16-429A-9AD0-36D10F77DECF}.Release|x86.Build.0 = Release|Win32
		{8FB6026E-2EA0-4D5D-A45F-4984E1960818}.Debug|Any CPU.ActiveCfg = Debug|Win32
		{8FB6026E-2EA0-4D5D-A45F-4984E1960818}.Debug|x64.ActiveCfg = Debug|x64
		{8FB6026E-2EA0-4D5D-A45F-4984E1960818}.Debug|x64.Build.0 = Debug|x64
		{8FB6026E-2EA0-4D5D-A45F-4984E1960818}.Debug|x86.ActiveCfg = Debug|Win32
		{8FB6026E-2EA0-4D5D-A45F-4984E1960818}.Debug|x86.Build.0 = Debug|Win32
		{8FB6026E-2EA0-4D5D-A45F-4984E1960818}.Release|Any CPU.ActiveCfg = Release|Win32
		{8FB6026E-2EA0-4D5D-A45F-4984E1960818}.Release|x64.ActiveCfg = Release|x64
		{8FB6026E-2EA0-4D5D-A45F-4984E1960818}.Release|x64.Build.0 = Release|x64
		{8FB6026E-2EA0-4D5D-A45F-4984E1960818}.Release|x86.ActiveCfg = Release|Win32
		{8FB6026E-2EA0-4D5D-A45F-4984E1960818}.Release|x86.Build.0 = Release|Win32
	EndGlobalSection
	GlobalSection(SolutionProperties) = preSolution
		HideSolutionNode = FALSE
	EndGlobalSection
	GlobalSection(ExtensibilityGlobals) = postSolution
		SolutionGuid = {A6238938-F44F-401F-8C97-889C98A47EC9}
	EndGlobalSection
EndGlobal
